dependencies:
- name: kube-prometheus-stack
  repository: https://prometheus-community.github.io/helm-charts
  version: 81.2.2
- name: loki
  repository: https://grafana.github.io/helm-charts
  version: 6.50.0
- name: promtail
  repository: https://grafana.github.io/helm-charts
  version: 6.17.0
- name: tempo
  repository: https://grafana.github.io/helm-charts
  version: 1.24.4
digest: sha256:bcbdfa859463aa0f517370c8daf0258a0b9d441f6c62415eaf6c2d587f9e572b
generated: "2026-08-04T21:41:28.519986+08:00"
