dependencies:
- name: kube-prometheus-stack
  repository: https://prometheus-community.github.io/helm-charts
  version: 81.2.2
- name: loki
  repository: https://grafana.github.io/helm-charts
  version: 6.50.0
- name: promtail
  repository: https://grafana.github.io/helm-charts
  version: 6.17.0
- name: tempo
  repository: https://grafana.github.io/helm-charts
  version: 1.24.4
- name: opentelemetry-collector
  repository: https://open-telemetry.github.io/opentelemetry-helm-charts
  version: 0.170.0
digest: sha256:dfcef12fc87ee299726af0e53d909da99c218804aa3ad93cb391e06f4443e5a7
generated: "2026-08-17T12:25:44.382386+08:00"
