dependencies:
- name: postgresql
  repository: https://charts.bitnami.com/bitnami
  version: 18.2.0
- name: rabbitmq
  repository: https://charts.bitnami.com/bitnami
  version: 16.0.14
digest: sha256:67ae5af642f1795daebe8cc5c2bdfd5ad755d360fa6a7fa05652d1f7d167033a
generated: "2026-02-04T23:01:08.587992+08:00"
