dependencies:
- name: redis
  repository: https://charts.bitnami.com/bitnami
  version: 24.1.0
- name: postgresql
  repository: https://charts.bitnami.com/bitnami
  version: 18.2.0
digest: sha256:431cf0bc15c66dc64d2d962c79ee6a7cfef4f23351e1142b8186fad5709c3da4
generated: "2026-01-17T16:32:51.234866+08:00"
